
Microsoft Visual Studio Solution File, Format Version 12.00
# Visual Studio Version 17
VisualStudioVersion = 17.5.33414.496
MinimumVisualStudioVersion = 10.0.40219.1
Project("{FAE04EC0-301F-11D3-BF4B-00C04F79EFBC}") = "events.tac.local", "events.tac.local\events.tac.local.csproj", "{AC60F869-2297-4A5A-A80C-BCDFB0C5088A}"
EndProject
Global
	GlobalSection(SolutionConfigurationPlatforms) = preSolution
		Debug|Any CPU = Debug|Any CPU
		Release|Any CPU = Release|Any CPU
	EndGlobalSection
	GlobalSection(ProjectConfigurationPlatforms) = postSolution
		{AC60F869-2297-4A5A-A80C-BCDFB0C5088A}.Debug|Any CPU.ActiveCfg = Debug|Any CPU
		{AC60F869-2297-4A5A-A80C-BCDFB0C5088A}.Debug|Any CPU.Build.0 = Debug|Any CPU
		{AC60F869-2297-4A5A-A80C-BCDFB0C5088A}.Release|Any CPU.ActiveCfg = Release|Any CPU
		{AC60F869-2297-4A5A-A80C-BCDFB0C5088A}.Release|Any CPU.Build.0 = Release|Any CPU
	EndGlobalSection
	GlobalSection(SolutionProperties) = preSolution
		HideSolutionNode = FALSE
	EndGlobalSection
	GlobalSection(ExtensibilityGlobals) = postSolution
		SolutionGuid = {C937F01E-6BAD-43A3-A8E4-88A13C70C56A}
	EndGlobalSection
EndGlobal
